dependencies:
- name: rulebricks
  repository: file://charts/rulebricks
  version: 0.1.4
- name: strimzi-kafka-operator
  repository: oci://quay.io/strimzi-helm
  version: 1.1.0
- name: clickstack
  repository: file://charts/clickstack
  version: 0.1.0
- name: supabase
  repository: file://charts/supabase
  version: 0.1.8
- name: kube-prometheus-stack
  repository: https://prometheus-community.github.io/helm-charts
  version: 87.3.0
- name: traefik
  repository: https://traefik.github.io/charts
  version: 41.0.1
- name: keda
  repository: https://kedacore.github.io/charts
  version: 2.20.1
- name: cert-manager
  repository: https://charts.jetstack.io
  version: v1.21.1
- name: vector
  repository: https://helm.vector.dev
  version: 0.57.0
- name: vector
  repository: https://helm.vector.dev
  version: 0.57.0
- name: external-dns
  repository: https://kubernetes-sigs.github.io/external-dns/
  version: 1.21.1
- name: external-secrets
  repository: https://charts.external-secrets.io
  version: 2.8.0
- name: cluster-autoscaler
  repository: https://kubernetes.github.io/autoscaler
  version: 9.53.0
digest: sha256:5c9cb2b1139a6c2124220baac0cf817c4446e73b364d1118e5f1cb65e21e67ad
generated: "2026-08-22T06:26:06.962004879Z"
