dependencies:
- name: rulebricks
  repository: file://charts/rulebricks
  version: 0.1.3
- name: strimzi-kafka-operator
  repository: oci://quay.io/strimzi-helm
  version: 1.1.0
- name: clickstack
  repository: file://charts/clickstack
  version: 0.1.0
- name: supabase
  repository: file://charts/supabase
  version: 0.1.8
- name: kube-prometheus-stack
  repository: https://prometheus-community.github.io/helm-charts
  version: 87.3.0
- name: traefik
  repository: https://traefik.github.io/charts
  version: 41.0.1
- name: keda
  repository: https://kedacore.github.io/charts
  version: 2.20.1
- name: cert-manager
  repository: https://charts.jetstack.io
  version: v1.21.0
- name: vector
  repository: https://helm.vector.dev
  version: 0.57.0
- name: vector
  repository: https://helm.vector.dev
  version: 0.57.0
- name: external-dns
  repository: https://kubernetes-sigs.github.io/external-dns/
  version: 1.21.1
- name: external-secrets
  repository: https://charts.external-secrets.io
  version: 2.8.0
- name: cluster-autoscaler
  repository: https://kubernetes.github.io/autoscaler
  version: 9.53.0
digest: sha256:428cd903dae3a7222b406c3810c56a708a3c2e3dfacaeebf7a0c4dae8e0260d9
generated: "2026-08-14T12:39:46.751843-07:00"
